{
  "name": "blog1",
  "version": "1.0.0",
  "lockfileVersion": 1,
  "requires": true,
  "dependencies": {
    "nodemailer": {
      "version": "6.4.11",
      "resolved": "https://registry.npm.taobao.org/nodemailer/download/nodemailer-6.4.11.tgz",
      "integrity": "sha1-HwC0/9EGQD8XwD89Q9WUWyZ3BGw="
    }
  }
}
